
Microsoft Visual Studio Solution File, Format Version 12.00
# Visual Studio 15
Project("{FAE04EC0-301F-11D3-BF4B-00C04F79EFBC}") = "hangMan", "hangMan\hangMan.csproj", "{0F046865-556F-4714-8250-8A49EC4471AC}"
EndProject
Global
	GlobalSection(SolutionConfigurationPlatforms) = preSolution
		Debug|anycpu = Debug|anycpu
		Release|anycpu = Release|anycpu
	EndGlobalSection
	GlobalSection(ProjectConfigurationPlatforms) = postSolution
		{0F046865-556F-4714-8250-8A49EC4471AC}.Debug|anycpu.ActiveCfg = Debug|anycpu
		{0F046865-556F-4714-8250-8A49EC4471AC}.Debug|anycpu.Build.0 = Debug|anycpu
		{0F046865-556F-4714-8250-8A49EC4471AC}.Release|anycpu.ActiveCfg = Release|anycpu
		{0F046865-556F-4714-8250-8A49EC4471AC}.Release|anycpu.Build.0 = Release|anycpu
	EndGlobalSection
EndGlobal
